{
  "name": "react-developer-redux-graphql",
  "lockfileVersion": 3,
  "requires": true,
  "packages": {
    "": {
      "dependencies": {
        "redux-saga-test-plan": "^4.0.6"
      }
    },
    "node_modules/@babel/runtime": {
      "version": "7.24.1",
      "resolved": "https://registry.npmjs.org/@babel/runtime/-/runtime-7.24.1.tgz",
      "integrity": "sha512-+BIznRzyqBf+2wCTxcKE3wDjfGeCoVE61KSHGpkzqrLi8qxqFwBeUFyId2cxkTmm55fzDGnm0+yCxaxygrLUnQ==",
      "peer": true,
      "dependencies": {
        "regenerator-runtime": "^0.14.0"
      },
      "engines": {
        "node": ">=6.9.0"
      }
    },
    "node_modules/@redux-saga/core": {
      "version": "1.3.0",
      "resolved": "https://registry.npmjs.org/@redux-saga/core/-/core-1.3.0.tgz",
      "integrity": "sha512-L+i+qIGuyWn7CIg7k1MteHGfttKPmxwZR5E7OsGikCL2LzYA0RERlaUY00Y3P3ZV2EYgrsYlBrGs6cJP5OKKqA==",
      "peer": true,
      "dependencies": {
        "@babel/runtime": "^7.6.3",
        "@redux-saga/deferred": "^1.2.1",
        "@redux-saga/delay-p": "^1.2.1",
        "@redux-saga/is": "^1.1.3",
        "@redux-saga/symbols": "^1.1.3",
        "@redux-saga/types": "^1.2.1",
        "typescript-tuple": "^2.2.1"
      },
      "funding": {
        "type": "opencollective",
        "url": "https://opencollective.com/redux-saga"
      }
    },
    "node_modules/@redux-saga/deferred": {
      "version": "1.2.1",
      "resolved": "https://registry.npmjs.org/@redux-saga/deferred/-/deferred-1.2.1.tgz",
      "integrity": "sha512-cmin3IuuzMdfQjA0lG4B+jX+9HdTgHZZ+6u3jRAOwGUxy77GSlTi4Qp2d6PM1PUoTmQUR5aijlA39scWWPF31g==",
      "peer": true
    },
    "node_modules/@redux-saga/delay-p": {
      "version": "1.2.1",
      "resolved": "https://registry.npmjs.org/@redux-saga/delay-p/-/delay-p-1.2.1.tgz",
      "integrity": "sha512-MdiDxZdvb1m+Y0s4/hgdcAXntpUytr9g0hpcOO1XFVyyzkrDu3SKPgBFOtHn7lhu7n24ZKIAT1qtKyQjHqRd+w==",
      "peer": true,
      "dependencies": {
        "@redux-saga/symbols": "^1.1.3"
      }
    },
    "node_modules/@redux-saga/is": {
      "version": "1.1.3",
      "resolved": "https://registry.npmjs.org/@redux-saga/is/-/is-1.1.3.tgz",
      "integrity": "sha512-naXrkETG1jLRfVfhOx/ZdLj0EyAzHYbgJWkXbB3qFliPcHKiWbv/ULQryOAEKyjrhiclmr6AMdgsXFyx7/yE6Q==",
      "peer": true,
      "dependencies": {
        "@redux-saga/symbols": "^1.1.3",
        "@redux-saga/types": "^1.2.1"
      }
    },
    "node_modules/@redux-saga/symbols": {
      "version": "1.1.3",
      "resolved": "https://registry.npmjs.org/@redux-saga/symbols/-/symbols-1.1.3.tgz",
      "integrity": "sha512-hCx6ZvU4QAEUojETnX8EVg4ubNLBFl1Lps4j2tX7o45x/2qg37m3c6v+kSp8xjDJY+2tJw4QB3j8o8dsl1FDXg==",
      "peer": true
    },
    "node_modules/@redux-saga/types": {
      "version": "1.2.1",
      "resolved": "https://registry.npmjs.org/@redux-saga/types/-/types-1.2.1.tgz",
      "integrity": "sha512-1dgmkh+3so0+LlBWRhGA33ua4MYr7tUOj+a9Si28vUi0IUFNbff1T3sgpeDJI/LaC75bBYnQ0A3wXjn0OrRNBA==",
      "peer": true
    },
    "node_modules/fsm-iterator": {
      "version": "1.1.0",
      "resolved": "https://registry.npmjs.org/fsm-iterator/-/fsm-iterator-1.1.0.tgz",
      "integrity": "sha512-hg47CNYdIGJ5m9WSKh617LHRdvJo4PiF0VkncFLwPVxKvBEQfSPd1qx/xLV/eSusewEu0C8eUFrsLsWlBgIcOg=="
    },
    "node_modules/lodash.isequal": {
      "version": "4.5.0",
      "resolved": "https://registry.npmjs.org/lodash.isequal/-/lodash.isequal-4.5.0.tgz",
      "integrity": "sha512-pDo3lu8Jhfjqls6GkMgpahsF9kCyayhgykjyLMNFTKWrpVdAQtYyB4muAMWozBB4ig/dtWAmsMxLEI8wuz+DYQ=="
    },
    "node_modules/lodash.ismatch": {
      "version": "4.4.0",
      "resolved": "https://registry.npmjs.org/lodash.ismatch/-/lodash.ismatch-4.4.0.tgz",
      "integrity": "sha512-fPMfXjGQEV9Xsq/8MTSgUf255gawYRbjwMyDbcvDhXgV7enSZA0hynz6vMPnpAb5iONEzBHBPsT+0zes5Z301g=="
    },
    "node_modules/redux-saga": {
      "version": "1.3.0",
      "resolved": "https://registry.npmjs.org/redux-saga/-/redux-saga-1.3.0.tgz",
      "integrity": "sha512-J9RvCeAZXSTAibFY0kGw6Iy4EdyDNW7k6Q+liwX+bsck7QVsU78zz8vpBRweEfANxnnlG/xGGeOvf6r8UXzNJQ==",
      "peer": true,
      "dependencies": {
        "@redux-saga/core": "^1.3.0"
      }
    },
    "node_modules/redux-saga-test-plan": {
      "version": "4.0.6",
      "resolved": "https://registry.npmjs.org/redux-saga-test-plan/-/redux-saga-test-plan-4.0.6.tgz",
      "integrity": "sha512-ESdbFoDWCeJ/EiFdUNSCGtA2CC9tnuvHDm6k06gVFa98EIeR2hpzFkGk9kJ1/hpMUnYFp+OOEEITIrZeDYBfFg==",
      "dependencies": {
        "fsm-iterator": "^1.1.0",
        "lodash.isequal": "^4.5.0",
        "lodash.ismatch": "^4.4.0"
      },
      "peerDependencies": {
        "@redux-saga/is": "^1.0.1",
        "@redux-saga/symbols": "^1.0.1",
        "redux-saga": "^1.0.1"
      }
    },
    "node_modules/regenerator-runtime": {
      "version": "0.14.1",
      "resolved": "https://registry.npmjs.org/regenerator-runtime/-/regenerator-runtime-0.14.1.tgz",
      "integrity": "sha512-dYnhHh0nJoMfnkZs6GmmhFknAGRrLznOu5nc9ML+EJxGvrx6H7teuevqVqCuPcPK//3eDrrjQhehXVx9cnkGdw==",
      "peer": true
    },
    "node_modules/typescript-compare": {
      "version": "0.0.2",
      "resolved": "https://registry.npmjs.org/typescript-compare/-/typescript-compare-0.0.2.tgz",
      "integrity": "sha512-8ja4j7pMHkfLJQO2/8tut7ub+J3Lw2S3061eJLFQcvs3tsmJKp8KG5NtpLn7KcY2w08edF74BSVN7qJS0U6oHA==",
      "peer": true,
      "dependencies": {
        "typescript-logic": "^0.0.0"
      }
    },
    "node_modules/typescript-logic": {
      "version": "0.0.0",
      "resolved": "https://registry.npmjs.org/typescript-logic/-/typescript-logic-0.0.0.tgz",
      "integrity": "sha512-zXFars5LUkI3zP492ls0VskH3TtdeHCqu0i7/duGt60i5IGPIpAHE/DWo5FqJ6EjQ15YKXrt+AETjv60Dat34Q==",
      "peer": true
    },
    "node_modules/typescript-tuple": {
      "version": "2.2.1",
      "resolved": "https://registry.npmjs.org/typescript-tuple/-/typescript-tuple-2.2.1.tgz",
      "integrity": "sha512-Zcr0lbt8z5ZdEzERHAMAniTiIKerFCMgd7yjq1fPnDJ43et/k9twIFQMUYff9k5oXcsQ0WpvFcgzK2ZKASoW6Q==",
      "peer": true,
      "dependencies": {
        "typescript-compare": "^0.0.2"
      }
    }
  }
}
